
Microsoft Visual Studio Solution File, Format Version 12.00
# Visual Studio Version 16
VisualStudioVersion = 16.0.28902.138
MinimumVisualStudioVersion = 10.0.40219.1
Project("{FAE04EC0-301F-11D3-BF4B-00C04F79EFBC}") = "ConsoleApp1", "ConsoleApp1.csproj", "{F320FC72-8737-441C-ACEA-2B7C932D4943}"
EndProject
Global
	GlobalSection(SolutionConfigurationPlatforms) = preSolution
		Debug|Any CPU = Debug|Any CPU
		Release|Any CPU = Release|Any CPU
	EndGlobalSection
	GlobalSection(ProjectConfigurationPlatforms) = postSolution
		{F320FC72-8737-441C-ACEA-2B7C932D4943}.Debug|Any CPU.ActiveCfg = Debug|Any CPU
		{F320FC72-8737-441C-ACEA-2B7C932D4943}.Debug|Any CPU.Build.0 = Debug|Any CPU
		{F320FC72-8737-441C-ACEA-2B7C932D4943}.Release|Any CPU.ActiveCfg = Release|Any CPU
		{F320FC72-8737-441C-ACEA-2B7C932D4943}.Release|Any CPU.Build.0 = Release|Any CPU
	EndGlobalSection
	GlobalSection(SolutionProperties) = preSolution
		HideSolutionNode = FALSE
	EndGlobalSection
	GlobalSection(ExtensibilityGlobals) = postSolution
		SolutionGuid = {97F8A548-F4E9-415E-91D7-1C1CB99A3553}
	EndGlobalSection
EndGlobal
